
Microsoft Visual Studio Solution File, Format Version 12.00
# Visual Studio Version 16
VisualStudioVersion = 16.0.30011.22
MinimumVisualStudioVersion = 10.0.40219.1
Project("{8BC9CEB8-8B4A-11D0-8D11-00A0C91BC942}") = "Main menu", "Main menu\Main menu.vcxproj", "{CC9C9D6B-B42B-4484-BFC8-D2F7AAADD9A6}"
EndProject
Global
	GlobalSection(SolutionConfigurationPlatforms) = preSolution
		Debug|x64 = Debug|x64
		Debug|x86 = Debug|x86
		Release|x64 = Release|x64
		Release|x86 = Release|x86
	EndGlobalSection
	GlobalSection(ProjectConfigurationPlatforms) = postSolution
		{CC9C9D6B-B42B-4484-BFC8-D2F7AAADD9A6}.Debug|x64.ActiveCfg = Debug|x64
		{CC9C9D6B-B42B-4484-BFC8-D2F7AAADD9A6}.Debug|x64.Build.0 = Debug|x64
		{CC9C9D6B-B42B-4484-BFC8-D2F7AAADD9A6}.Debug|x86.ActiveCfg = Debug|Win32
		{CC9C9D6B-B42B-4484-BFC8-D2F7AAADD9A6}.Debug|x86.Build.0 = Debug|Win32
		{CC9C9D6B-B42B-4484-BFC8-D2F7AAADD9A6}.Release|x64.ActiveCfg = Release|x64
		{CC9C9D6B-B42B-4484-BFC8-D2F7AAADD9A6}.Release|x64.Build.0 = Release|x64
		{CC9C9D6B-B42B-4484-BFC8-D2F7AAADD9A6}.Release|x86.ActiveCfg = Release|Win32
		{CC9C9D6B-B42B-4484-BFC8-D2F7AAADD9A6}.Release|x86.Build.0 = Release|Win32
	EndGlobalSection
	GlobalSection(SolutionProperties) = preSolution
		HideSolutionNode = FALSE
	EndGlobalSection
	GlobalSection(ExtensibilityGlobals) = postSolution
		SolutionGuid = {BE785ECE-7512-4CDD-A540-F30E3FC61FD8}
	EndGlobalSection
EndGlobal
